
Microsoft Visual Studio Solution File, Format Version 12.00
# Visual Studio 2012
Project("{8BC9CEB8-8B4A-11D0-8D11-00A0C91BC942}") = "LunarGLASS", "LunarGLASS\LunarGLASS.vcxproj", "{B23A6A71-F231-4086-9368-91E44A4D9DE9}"
EndProject
Project("{8BC9CEB8-8B4A-11D0-8D11-00A0C91BC942}") = "glslang", "glslang\glslang.vcxproj", "{2958B618-077F-424C-894F-57DAE064D877}"
	ProjectSection(ProjectDependencies) = postProject
		{D300CE3A-BB01-4982-9193-01B1753B8CD0} = {D300CE3A-BB01-4982-9193-01B1753B8CD0}
		{B23A6A71-F231-4086-9368-91E44A4D9DE9} = {B23A6A71-F231-4086-9368-91E44A4D9DE9}
		{3EB7D4E3-27FA-49B6-82E5-BE93D3352173} = {3EB7D4E3-27FA-49B6-82E5-BE93D3352173}
	EndProjectSection
EndProject
Project("{8BC9CEB8-8B4A-11D0-8D11-00A0C91BC942}") = "glslangAdapter", "glslangAdapter\glslangAdapter.vcxproj", "{D300CE3A-BB01-4982-9193-01B1753B8CD0}"
EndProject
Project("{8BC9CEB8-8B4A-11D0-8D11-00A0C91BC942}") = "CommonBuilder", "CommonBuilder\CommonBuilder.vcxproj", "{3EB7D4E3-27FA-49B6-82E5-BE93D3352173}"
EndProject
Global
	GlobalSection(SolutionConfigurationPlatforms) = preSolution
		Debug|Win32 = Debug|Win32
		Release|Win32 = Release|Win32
	EndGlobalSection
	GlobalSection(ProjectConfigurationPlatforms) = postSolution
		{B23A6A71-F231-4086-9368-91E44A4D9DE9}.Debug|Win32.ActiveCfg = Debug|Win32
		{B23A6A71-F231-4086-9368-91E44A4D9DE9}.Debug|Win32.Build.0 = Debug|Win32
		{B23A6A71-F231-4086-9368-91E44A4D9DE9}.Release|Win32.ActiveCfg = Release|Win32
		{B23A6A71-F231-4086-9368-91E44A4D9DE9}.Release|Win32.Build.0 = Release|Win32
		{2958B618-077F-424C-894F-57DAE064D877}.Debug|Win32.ActiveCfg = Debug|Win32
		{2958B618-077F-424C-894F-57DAE064D877}.Debug|Win32.Build.0 = Debug|Win32
		{2958B618-077F-424C-894F-57DAE064D877}.Release|Win32.ActiveCfg = Release|Win32
		{2958B618-077F-424C-894F-57DAE064D877}.Release|Win32.Build.0 = Release|Win32
		{D300CE3A-BB01-4982-9193-01B1753B8CD0}.Debug|Win32.ActiveCfg = Debug|Win32
		{D300CE3A-BB01-4982-9193-01B1753B8CD0}.Debug|Win32.Build.0 = Debug|Win32
		{D300CE3A-BB01-4982-9193-01B1753B8CD0}.Release|Win32.ActiveCfg = Release|Win32
		{D300CE3A-BB01-4982-9193-01B1753B8CD0}.Release|Win32.Build.0 = Release|Win32
		{3EB7D4E3-27FA-49B6-82E5-BE93D3352173}.Debug|Win32.ActiveCfg = Debug|Win32
		{3EB7D4E3-27FA-49B6-82E5-BE93D3352173}.Debug|Win32.Build.0 = Debug|Win32
		{3EB7D4E3-27FA-49B6-82E5-BE93D3352173}.Release|Win32.ActiveCfg = Release|Win32
		{3EB7D4E3-27FA-49B6-82E5-BE93D3352173}.Release|Win32.Build.0 = Release|Win32
	EndGlobalSection
	GlobalSection(SolutionProperties) = preSolution
		HideSolutionNode = FALSE
	EndGlobalSection
EndGlobal
