<?xml version="1.0" encoding="utf-8"?>
<Project ToolsVersion="4.0" xmlns="http://schemas.microsoft.com/developer/msbuild/2003">
  <ItemGroup>
    <Filter Include="Header Files">
      <UniqueIdentifier>{93995380-89BD-4b04-88EB-625FBE52EBFB}</UniqueIdentifier>
      <Extensions>h;hpp;hxx;hm;inl;inc;xsd</Extensions>
    </Filter>
    <Filter Include="Resource Files">
      <UniqueIdentifier>{67DA6AB6-F800-4c08-8B7A-83BB121AAD01}</UniqueIdentifier>
      <Extensions>rc;ico;cur;bmp;dlg;rc2;rct;bin;rgs;gif;jpg;jpeg;jpe;resx</Extensions>
    </Filter>
    <Filter Include="Source Files">
      <UniqueIdentifier>{4FC737F1-C7A5-4376-A066-2A32D752A2FF}</UniqueIdentifier>
      <Extensions>cpp;c;cc;cxx;def;odl;idl;hpj;bat;asm;asmx</Extensions>
    </Filter>
    <Filter Include="LunarGLASS">
      <UniqueIdentifier>{3b99a378-26fc-408f-b395-609e8e6ede4b}</UniqueIdentifier>
    </Filter>
    <Filter Include="Source Files\mesa">
      <UniqueIdentifier>{dab25d77-a291-43fe-b007-1d5db45c7ffe}</UniqueIdentifier>
    </Filter>
  </ItemGroup>
  <ItemGroup>
    <ClInclude Include="ast.h">
      <Filter>Header Files</Filter>
    </ClInclude>
    <ClInclude Include="builtin_types.h">
      <Filter>Header Files</Filter>
    </ClInclude>
    <ClInclude Include="builtin_variables.h">
      <Filter>Header Files</Filter>
    </ClInclude>
    <ClInclude Include="glsl_parser.h">
      <Filter>Header Files</Filter>
    </ClInclude>
    <ClInclude Include="glsl_parser_extras.h">
      <Filter>Header Files</Filter>
    </ClInclude>
    <ClInclude Include="glsl_symbol_table.h">
      <Filter>Header Files</Filter>
    </ClInclude>
    <ClInclude Include="glsl_types.h">
      <Filter>Header Files</Filter>
    </ClInclude>
    <ClInclude Include="ir.h">
      <Filter>Header Files</Filter>
    </ClInclude>
    <ClInclude Include="ir_basic_block.h">
      <Filter>Header Files</Filter>
    </ClInclude>
    <ClInclude Include="ir_expression_flattening.h">
      <Filter>Header Files</Filter>
    </ClInclude>
    <ClInclude Include="ir_function_inlining.h">
      <Filter>Header Files</Filter>
    </ClInclude>
    <ClInclude Include="ir_hierarchical_visitor.h">
      <Filter>Header Files</Filter>
    </ClInclude>
    <ClInclude Include="ir_optimization.h">
      <Filter>Header Files</Filter>
    </ClInclude>
    <ClInclude Include="ir_print_visitor.h">
      <Filter>Header Files</Filter>
    </ClInclude>
    <ClInclude Include="ir_reader.h">
      <Filter>Header Files</Filter>
    </ClInclude>
    <ClInclude Include="ir_rvalue_visitor.h">
      <Filter>Header Files</Filter>
    </ClInclude>
    <ClInclude Include="ir_variable_refcount.h">
      <Filter>Header Files</Filter>
    </ClInclude>
    <ClInclude Include="ir_visitor.h">
      <Filter>Header Files</Filter>
    </ClInclude>
    <ClInclude Include="linker.h">
      <Filter>Header Files</Filter>
    </ClInclude>
    <ClInclude Include="list.h">
      <Filter>Header Files</Filter>
    </ClInclude>
    <ClInclude Include="loop_analysis.h">
      <Filter>Header Files</Filter>
    </ClInclude>
    <ClInclude Include="program.h">
      <Filter>Header Files</Filter>
    </ClInclude>
    <ClInclude Include="s_expression.h">
      <Filter>Header Files</Filter>
    </ClInclude>
    <ClInclude Include="..\LunarGLASS\GlslToTopVisitor.h">
      <Filter>LunarGLASS</Filter>
    </ClInclude>
    <ClInclude Include="..\LunarGLASS\Manager.h">
      <Filter>LunarGLASS</Filter>
    </ClInclude>
    <ClInclude Include="..\LunarGLASS\GlslToTop.h">
      <Filter>LunarGLASS</Filter>
    </ClInclude>
    <ClInclude Include="..\mesa\program\ir_to_mesa.h">
      <Filter>Header Files</Filter>
    </ClInclude>
    <ClInclude Include="..\LunarGLASS\LunarGLASSTopIR.h">
      <Filter>LunarGLASS</Filter>
    </ClInclude>
    <ClInclude Include="..\LunarGLASS\LunarGLASSBottomIR.h">
      <Filter>LunarGLASS</Filter>
    </ClInclude>
    <ClInclude Include="..\LunarGLASS\TGSITarget.h">
      <Filter>LunarGLASS</Filter>
    </ClInclude>
    <ClInclude Include="..\LunarGLASS\GlslTarget.h">
      <Filter>LunarGLASS</Filter>
    </ClInclude>
    <ClInclude Include="..\LunarGLASS\LunarGLASSBackend.h">
      <Filter>LunarGLASS</Filter>
    </ClInclude>
    <ClInclude Include="..\LunarGLASS\Exceptions.h">
      <Filter>LunarGLASS</Filter>
    </ClInclude>
  </ItemGroup>
  <ItemGroup>
    <ClCompile Include="ast_expr.cpp">
      <Filter>Source Files</Filter>
    </ClCompile>
    <ClCompile Include="ast_function.cpp">
      <Filter>Source Files</Filter>
    </ClCompile>
    <ClCompile Include="ast_to_hir.cpp">
      <Filter>Source Files</Filter>
    </ClCompile>
    <ClCompile Include="ast_type.cpp">
      <Filter>Source Files</Filter>
    </ClCompile>
    <ClCompile Include="builtin_function.cpp">
      <Filter>Source Files</Filter>
    </ClCompile>
    <ClCompile Include="glcpp\glcpp-lex.c">
      <Filter>Source Files</Filter>
    </ClCompile>
    <ClCompile Include="glcpp\glcpp-parse.c">
      <Filter>Source Files</Filter>
    </ClCompile>
    <ClCompile Include="glsl_lexer.cpp">
      <Filter>Source Files</Filter>
    </ClCompile>
    <ClCompile Include="glsl_parser.cpp">
      <Filter>Source Files</Filter>
    </ClCompile>
    <ClCompile Include="glsl_parser_extras.cpp">
      <Filter>Source Files</Filter>
    </ClCompile>
    <ClCompile Include="glsl_symbol_table.cpp">
      <Filter>Source Files</Filter>
    </ClCompile>
    <ClCompile Include="glsl_types.cpp">
      <Filter>Source Files</Filter>
    </ClCompile>
    <ClCompile Include="..\mesa\program\hash_table.c">
      <Filter>Source Files</Filter>
    </ClCompile>
    <ClCompile Include="hir_field_selection.cpp">
      <Filter>Source Files</Filter>
    </ClCompile>
    <ClCompile Include="ir.cpp">
      <Filter>Source Files</Filter>
    </ClCompile>
    <ClCompile Include="ir_algebraic.cpp">
      <Filter>Source Files</Filter>
    </ClCompile>
    <ClCompile Include="ir_basic_block.cpp">
      <Filter>Source Files</Filter>
    </ClCompile>
    <ClCompile Include="ir_clone.cpp">
      <Filter>Source Files</Filter>
    </ClCompile>
    <ClCompile Include="ir_constant_expression.cpp">
      <Filter>Source Files</Filter>
    </ClCompile>
    <ClCompile Include="ir_constant_folding.cpp">
      <Filter>Source Files</Filter>
    </ClCompile>
    <ClCompile Include="ir_constant_propagation.cpp">
      <Filter>Source Files</Filter>
    </ClCompile>
    <ClCompile Include="ir_constant_variable.cpp">
      <Filter>Source Files</Filter>
    </ClCompile>
    <ClCompile Include="ir_copy_propagation.cpp">
      <Filter>Source Files</Filter>
    </ClCompile>
    <ClCompile Include="ir_dead_code.cpp">
      <Filter>Source Files</Filter>
    </ClCompile>
    <ClCompile Include="ir_dead_code_local.cpp">
      <Filter>Source Files</Filter>
    </ClCompile>
    <ClCompile Include="ir_dead_functions.cpp">
      <Filter>Source Files</Filter>
    </ClCompile>
    <ClCompile Include="ir_div_to_mul_rcp.cpp">
      <Filter>Source Files</Filter>
    </ClCompile>
    <ClCompile Include="ir_explog_to_explog2.cpp">
      <Filter>Source Files</Filter>
    </ClCompile>
    <ClCompile Include="ir_expression_flattening.cpp">
      <Filter>Source Files</Filter>
    </ClCompile>
    <ClCompile Include="ir_function.cpp">
      <Filter>Source Files</Filter>
    </ClCompile>
    <ClCompile Include="ir_function_can_inline.cpp">
      <Filter>Source Files</Filter>
    </ClCompile>
    <ClCompile Include="ir_function_inlining.cpp">
      <Filter>Source Files</Filter>
    </ClCompile>
    <ClCompile Include="ir_hierarchical_visitor.cpp">
      <Filter>Source Files</Filter>
    </ClCompile>
    <ClCompile Include="ir_hv_accept.cpp">
      <Filter>Source Files</Filter>
    </ClCompile>
    <ClCompile Include="ir_if_simplification.cpp">
      <Filter>Source Files</Filter>
    </ClCompile>
    <ClCompile Include="ir_if_to_cond_assign.cpp">
      <Filter>Source Files</Filter>
    </ClCompile>
    <ClCompile Include="ir_import_prototypes.cpp">
      <Filter>Source Files</Filter>
    </ClCompile>
    <ClCompile Include="ir_lower_jumps.cpp">
      <Filter>Source Files</Filter>
    </ClCompile>
    <ClCompile Include="ir_mat_op_to_vec.cpp">
      <Filter>Source Files</Filter>
    </ClCompile>
    <ClCompile Include="ir_mod_to_fract.cpp">
      <Filter>Source Files</Filter>
    </ClCompile>
    <ClCompile Include="ir_noop_swizzle.cpp">
      <Filter>Source Files</Filter>
    </ClCompile>
    <ClCompile Include="ir_print_visitor.cpp">
      <Filter>Source Files</Filter>
    </ClCompile>
    <ClCompile Include="ir_reader.cpp">
      <Filter>Source Files</Filter>
    </ClCompile>
    <ClCompile Include="ir_rvalue_visitor.cpp">
      <Filter>Source Files</Filter>
    </ClCompile>
    <ClCompile Include="ir_set_program_inouts.cpp">
      <Filter>Source Files</Filter>
    </ClCompile>
    <ClCompile Include="ir_structure_splitting.cpp">
      <Filter>Source Files</Filter>
    </ClCompile>
    <ClCompile Include="ir_sub_to_add_neg.cpp">
      <Filter>Source Files</Filter>
    </ClCompile>
    <ClCompile Include="ir_swizzle_swizzle.cpp">
      <Filter>Source Files</Filter>
    </ClCompile>
    <ClCompile Include="ir_tree_grafting.cpp">
      <Filter>Source Files</Filter>
    </ClCompile>
    <ClCompile Include="ir_validate.cpp">
      <Filter>Source Files</Filter>
    </ClCompile>
    <ClCompile Include="ir_variable.cpp">
      <Filter>Source Files</Filter>
    </ClCompile>
    <ClCompile Include="ir_variable_refcount.cpp">
      <Filter>Source Files</Filter>
    </ClCompile>
    <ClCompile Include="ir_vec_index_to_cond_assign.cpp">
      <Filter>Source Files</Filter>
    </ClCompile>
    <ClCompile Include="ir_vec_index_to_swizzle.cpp">
      <Filter>Source Files</Filter>
    </ClCompile>
    <ClCompile Include="link_functions.cpp">
      <Filter>Source Files</Filter>
    </ClCompile>
    <ClCompile Include="linker.cpp">
      <Filter>Source Files</Filter>
    </ClCompile>
    <ClCompile Include="loop_analysis.cpp">
      <Filter>Source Files</Filter>
    </ClCompile>
    <ClCompile Include="loop_controls.cpp">
      <Filter>Source Files</Filter>
    </ClCompile>
    <ClCompile Include="loop_unroll.cpp">
      <Filter>Source Files</Filter>
    </ClCompile>
    <ClCompile Include="lower_noise.cpp">
      <Filter>Source Files</Filter>
    </ClCompile>
    <ClCompile Include="lower_variable_index_to_cond_assign.cpp">
      <Filter>Source Files</Filter>
    </ClCompile>
    <ClCompile Include="main.cpp">
      <Filter>Source Files</Filter>
    </ClCompile>
    <ClCompile Include="opt_redundant_jumps.cpp">
      <Filter>Source Files</Filter>
    </ClCompile>
    <ClCompile Include="glcpp\pp.c">
      <Filter>Source Files</Filter>
    </ClCompile>
    <ClCompile Include="s_expression.cpp">
      <Filter>Source Files</Filter>
    </ClCompile>
    <ClCompile Include="..\mesa\program\symbol_table.c">
      <Filter>Source Files</Filter>
    </ClCompile>
    <ClCompile Include="..\talloc\talloc.c">
      <Filter>Source Files</Filter>
    </ClCompile>
    <ClCompile Include="..\LunarGLASS\GlslToTop.cpp">
      <Filter>LunarGLASS</Filter>
    </ClCompile>
    <ClCompile Include="..\LunarGLASS\GlslToTopVisitor.cpp">
      <Filter>LunarGLASS</Filter>
    </ClCompile>
    <ClCompile Include="..\LunarGLASS\TopToBottom.cpp">
      <Filter>LunarGLASS</Filter>
    </ClCompile>
    <ClCompile Include="..\LunarGLASS\LunarGLASS.cpp">
      <Filter>LunarGLASS</Filter>
    </ClCompile>
    <ClCompile Include="..\LunarGLASS\BottomToTgsi.cpp">
      <Filter>LunarGLASS</Filter>
    </ClCompile>
    <ClCompile Include="..\mesa\program\prog_print.c">
      <Filter>Source Files</Filter>
    </ClCompile>
    <ClCompile Include="..\mesa\program\ir_to_mesa.cpp">
      <Filter>Source Files\mesa</Filter>
    </ClCompile>
    <ClCompile Include="..\LunarGLASS\BottomTranslator.cpp">
      <Filter>LunarGLASS</Filter>
    </ClCompile>
    <ClCompile Include="..\LunarGLASS\BottomToGLSL.cpp">
      <Filter>LunarGLASS</Filter>
    </ClCompile>
    <ClCompile Include="..\LunarGLASS\LunarGLASSBottomIR.cpp">
      <Filter>LunarGLASS</Filter>
    </ClCompile>
    <ClCompile Include="..\LunarGLASS\Options.cpp">
      <Filter>LunarGLASS</Filter>
    </ClCompile>
  </ItemGroup>
</Project>