
Microsoft Visual Studio Solution File, Format Version 10.00
# Visual Studio 2008
Project("{8BC9CEB8-8B4A-11D0-8D11-00A0C91BC942}") = "StandAlone_2008", "StandAlone_2008.vcproj", "{B223D71E-D0E9-41D0-8A31-B09EFE42A90D}"
EndProject
Global
	GlobalSection(SolutionConfigurationPlatforms) = preSolution
		Debug|Win32 = Debug|Win32
		Release|Win32 = Release|Win32
	EndGlobalSection
	GlobalSection(ProjectConfigurationPlatforms) = postSolution
		{B223D71E-D0E9-41D0-8A31-B09EFE42A90D}.Debug|Win32.ActiveCfg = Debug|Win32
		{B223D71E-D0E9-41D0-8A31-B09EFE42A90D}.Debug|Win32.Build.0 = Debug|Win32
		{B223D71E-D0E9-41D0-8A31-B09EFE42A90D}.Release|Win32.ActiveCfg = Release|Win32
		{B223D71E-D0E9-41D0-8A31-B09EFE42A90D}.Release|Win32.Build.0 = Release|Win32
	EndGlobalSection
	GlobalSection(SolutionProperties) = preSolution
		HideSolutionNode = FALSE
	EndGlobalSection
EndGlobal
