<?xml version="1.0" encoding="utf-8"?>
<Project ToolsVersion="4.0" xmlns="http://schemas.microsoft.com/developer/msbuild/2003">
  <ItemGroup>
    <Filter Include="Header Files">
      <UniqueIdentifier>{93995380-89BD-4b04-88EB-625FBE52EBFB}</UniqueIdentifier>
      <Extensions>h;hpp;hxx;hm;inl;inc;xsd</Extensions>
    </Filter>
    <Filter Include="Resource Files">
      <UniqueIdentifier>{67DA6AB6-F800-4c08-8B7A-83BB121AAD01}</UniqueIdentifier>
      <Extensions>rc;ico;cur;bmp;dlg;rc2;rct;bin;rgs;gif;jpg;jpeg;jpe;resx</Extensions>
    </Filter>
    <Filter Include="Source Files">
      <UniqueIdentifier>{4FC737F1-C7A5-4376-A066-2A32D752A2FF}</UniqueIdentifier>
      <Extensions>cpp;c;cc;cxx;def;odl;idl;hpj;bat;asm;asmx</Extensions>
    </Filter>
    <Filter Include="Core">
      <UniqueIdentifier>{3b99a378-26fc-408f-b395-609e8e6ede4b}</UniqueIdentifier>
    </Filter>
    <Filter Include="Source Files\mesa">
      <UniqueIdentifier>{dab25d77-a291-43fe-b007-1d5db45c7ffe}</UniqueIdentifier>
    </Filter>
    <Filter Include="Core\Passes">
      <UniqueIdentifier>{10660ab4-0e1b-4f71-b4ea-c791360b5e14}</UniqueIdentifier>
    </Filter>
    <Filter Include="Core\Passes\Transforms">
      <UniqueIdentifier>{da4a373f-7fe3-41c9-a4aa-c93de23ee048}</UniqueIdentifier>
    </Filter>
    <Filter Include="Core\Passes\Analysis">
      <UniqueIdentifier>{7989d6ce-9a84-40c6-b293-8b6fab38bbfa}</UniqueIdentifier>
    </Filter>
    <Filter Include="Core\Passes\Util">
      <UniqueIdentifier>{bf133732-b6de-4cf0-89ee-43ea510be42d}</UniqueIdentifier>
    </Filter>
    <Filter Include="Backends">
      <UniqueIdentifier>{b339e086-d8b2-4925-a49c-eff520da50ed}</UniqueIdentifier>
    </Filter>
    <Filter Include="Frontends">
      <UniqueIdentifier>{f965b0f4-72d1-456d-b406-07a2eee30284}</UniqueIdentifier>
    </Filter>
    <Filter Include="Frontends\Glsl2">
      <UniqueIdentifier>{bff67a2f-1bb1-4df7-bb49-48650c6b92ac}</UniqueIdentifier>
    </Filter>
    <Filter Include="Backends\GLSL">
      <UniqueIdentifier>{b65a1461-97c7-4f20-8d9b-74da4102af3e}</UniqueIdentifier>
    </Filter>
    <Filter Include="Backends\TGSI">
      <UniqueIdentifier>{03617591-4e47-4621-8d3f-5f8f5ab0baee}</UniqueIdentifier>
    </Filter>
    <Filter Include="Backends\Dummy">
      <UniqueIdentifier>{5a7758d8-8efa-4a5b-a30b-c5bad6914d1b}</UniqueIdentifier>
    </Filter>
    <Filter Include="Core\Passes\Immutable">
      <UniqueIdentifier>{a20fb42e-3427-4b5f-a70c-3419c6a5eae3}</UniqueIdentifier>
    </Filter>
    <Filter Include="Standalone">
      <UniqueIdentifier>{7347952d-fbf3-4351-b30f-847c942b2fb1}</UniqueIdentifier>
    </Filter>
  </ItemGroup>
  <ItemGroup>
    <ClInclude Include="..\Core\LunarGLASSTopIR.h">
      <Filter>Core</Filter>
    </ClInclude>
    <ClInclude Include="..\Core\Exceptions.h">
      <Filter>Core</Filter>
    </ClInclude>
    <ClInclude Include="..\Core\Revision.h">
      <Filter>Core</Filter>
    </ClInclude>
    <ClInclude Include="..\Core\TopBuilder.h">
      <Filter>Core</Filter>
    </ClInclude>
    <ClInclude Include="..\Core\Passes\Util\ADT.h">
      <Filter>Core\Passes\Util</Filter>
    </ClInclude>
    <ClInclude Include="..\Core\Passes\Util\BasicBlockUtil.h">
      <Filter>Core\Passes\Util</Filter>
    </ClInclude>
    <ClInclude Include="..\Core\Passes\Util\FunctionUtil.h">
      <Filter>Core\Passes\Util</Filter>
    </ClInclude>
    <ClInclude Include="..\Core\Passes\Util\LoopUtil.h">
      <Filter>Core\Passes\Util</Filter>
    </ClInclude>
    <ClInclude Include="..\Core\PrivateManager.h">
      <Filter>Core</Filter>
    </ClInclude>
    <ClInclude Include="..\Core\LunarGLASSManager.h">
      <Filter>Core</Filter>
    </ClInclude>
    <ClInclude Include="..\Core\Util.h">
      <Filter>Core</Filter>
    </ClInclude>
    <ClInclude Include="..\Core\Backend.h">
      <Filter>Core</Filter>
    </ClInclude>
    <ClInclude Include="..\Core\BottomIR.h">
      <Filter>Core</Filter>
    </ClInclude>
    <ClInclude Include="..\Frontends\Glsl2\GlslToTop.h">
      <Filter>Frontends\Glsl2</Filter>
    </ClInclude>
    <ClInclude Include="..\Frontends\Glsl2\GlslToTopVisitor.h">
      <Filter>Frontends\Glsl2</Filter>
    </ClInclude>
    <ClInclude Include="..\Backends\GLSL\GlslTarget.h">
      <Filter>Backends\GLSL</Filter>
    </ClInclude>
    <ClInclude Include="..\Backends\TGSI\TgsiTarget.h">
      <Filter>Backends\TGSI</Filter>
    </ClInclude>
    <ClInclude Include="..\Core\Passes\Util\ConditionalUtil.h">
      <Filter>Core\Passes\Util</Filter>
    </ClInclude>
    <ClInclude Include="..\Core\Passes\Analysis\IdentifyStructures.h">
      <Filter>Core\Passes\Analysis</Filter>
    </ClInclude>
    <ClInclude Include="..\Backends\Dummy\DummyTarget.h">
      <Filter>Backends\Dummy</Filter>
    </ClInclude>
    <ClInclude Include="..\Core\Passes\Immutable\BackEndPointer.h">
      <Filter>Core\Passes\Immutable</Filter>
    </ClInclude>
    <ClInclude Include="OptionParse.h">
      <Filter>Standalone</Filter>
    </ClInclude>
    <ClInclude Include="..\mesa\src\glsl\ast.h">
      <Filter>Header Files</Filter>
    </ClInclude>
    <ClInclude Include="..\mesa\src\glsl\builtin_types.h">
      <Filter>Header Files</Filter>
    </ClInclude>
    <ClInclude Include="..\mesa\src\glsl\builtin_variables.h">
      <Filter>Header Files</Filter>
    </ClInclude>
    <ClInclude Include="..\mesa\src\glsl\glsl_parser.h">
      <Filter>Header Files</Filter>
    </ClInclude>
    <ClInclude Include="..\mesa\src\glsl\glsl_parser_extras.h">
      <Filter>Header Files</Filter>
    </ClInclude>
    <ClInclude Include="..\mesa\src\glsl\glsl_symbol_table.h">
      <Filter>Header Files</Filter>
    </ClInclude>
    <ClInclude Include="..\mesa\src\glsl\glsl_types.h">
      <Filter>Header Files</Filter>
    </ClInclude>
    <ClInclude Include="..\mesa\src\glsl\ir.h">
      <Filter>Header Files</Filter>
    </ClInclude>
    <ClInclude Include="..\mesa\src\glsl\ir_basic_block.h">
      <Filter>Header Files</Filter>
    </ClInclude>
    <ClInclude Include="..\mesa\src\glsl\ir_expression_flattening.h">
      <Filter>Header Files</Filter>
    </ClInclude>
    <ClInclude Include="..\mesa\src\glsl\ir_function_inlining.h">
      <Filter>Header Files</Filter>
    </ClInclude>
    <ClInclude Include="..\mesa\src\glsl\ir_hierarchical_visitor.h">
      <Filter>Header Files</Filter>
    </ClInclude>
    <ClInclude Include="..\mesa\src\glsl\ir_optimization.h">
      <Filter>Header Files</Filter>
    </ClInclude>
    <ClInclude Include="..\mesa\src\glsl\ir_print_visitor.h">
      <Filter>Header Files</Filter>
    </ClInclude>
    <ClInclude Include="..\mesa\src\glsl\ir_reader.h">
      <Filter>Header Files</Filter>
    </ClInclude>
    <ClInclude Include="..\mesa\src\glsl\ir_rvalue_visitor.h">
      <Filter>Header Files</Filter>
    </ClInclude>
    <ClInclude Include="..\mesa\src\glsl\ir_variable_refcount.h">
      <Filter>Header Files</Filter>
    </ClInclude>
    <ClInclude Include="..\mesa\src\glsl\ir_visitor.h">
      <Filter>Header Files</Filter>
    </ClInclude>
    <ClInclude Include="..\mesa\src\glsl\linker.h">
      <Filter>Header Files</Filter>
    </ClInclude>
    <ClInclude Include="..\mesa\src\glsl\list.h">
      <Filter>Header Files</Filter>
    </ClInclude>
    <ClInclude Include="..\mesa\src\glsl\loop_analysis.h">
      <Filter>Header Files</Filter>
    </ClInclude>
    <ClInclude Include="..\mesa\src\glsl\program.h">
      <Filter>Header Files</Filter>
    </ClInclude>
    <ClInclude Include="..\mesa\src\glsl\ralloc.h">
      <Filter>Header Files</Filter>
    </ClInclude>
    <ClInclude Include="..\mesa\src\glsl\s_expression.h">
      <Filter>Header Files</Filter>
    </ClInclude>
    <ClInclude Include="..\mesa\src\mesa\program\ir_to_mesa.h">
      <Filter>Header Files</Filter>
    </ClInclude>
    <ClInclude Include="..\Core\Passes\Util\DominatorsUtil.h">
      <Filter>Core\Passes\Util</Filter>
    </ClInclude>
    <ClInclude Include="..\Core\Passes\Util\InstructionUtil.h">
      <Filter>Core\Passes\Util</Filter>
    </ClInclude>
  </ItemGroup>
  <ItemGroup>
    <ClCompile Include="..\Core\TopToBottom.cpp">
      <Filter>Core</Filter>
    </ClCompile>
    <ClCompile Include="..\Core\BottomTranslator.cpp">
      <Filter>Core</Filter>
    </ClCompile>
    <ClCompile Include="..\Core\Options.cpp">
      <Filter>Core</Filter>
    </ClCompile>
    <ClCompile Include="..\Core\Exceptions.cpp">
      <Filter>Core</Filter>
    </ClCompile>
    <ClCompile Include="..\Core\Passes\Transforms\CanonicalizeCFG.cpp">
      <Filter>Core\Passes\Transforms</Filter>
    </ClCompile>
    <ClCompile Include="..\Core\Passes\Transforms\CoalesceInserts.cpp">
      <Filter>Core\Passes\Transforms</Filter>
    </ClCompile>
    <ClCompile Include="..\Core\TopBuilder.cpp">
      <Filter>Core</Filter>
    </ClCompile>
    <ClCompile Include="..\Core\Passes\Util\BasicBlockUtil.cpp">
      <Filter>Core\Passes\Util</Filter>
    </ClCompile>
    <ClCompile Include="..\Core\Passes\Transforms\FlattenConditionalAssignments.cpp">
      <Filter>Core\Passes\Transforms</Filter>
    </ClCompile>
    <ClCompile Include="..\Core\Backend.cpp">
      <Filter>Core</Filter>
    </ClCompile>
    <ClCompile Include="..\Core\Util.cpp">
      <Filter>Core</Filter>
    </ClCompile>
    <ClCompile Include="..\Core\BottomIR.cpp">
      <Filter>Core</Filter>
    </ClCompile>
    <ClCompile Include="..\Frontends\Glsl2\GlslToTop.cpp">
      <Filter>Frontends\Glsl2</Filter>
    </ClCompile>
    <ClCompile Include="..\Frontends\Glsl2\GlslToTopVisitor.cpp">
      <Filter>Frontends\Glsl2</Filter>
    </ClCompile>
    <ClCompile Include="..\Backends\GLSL\BottomToGLSL.cpp">
      <Filter>Backends\GLSL</Filter>
    </ClCompile>
    <ClCompile Include="..\Backends\TGSI\BottomToTgsi.cpp">
      <Filter>Backends\TGSI</Filter>
    </ClCompile>
    <ClCompile Include="..\Core\Passes\Util\ConditionalUtil.cpp">
      <Filter>Core\Passes\Util</Filter>
    </ClCompile>
    <ClCompile Include="..\Core\Passes\Transforms\CanonicalizeInsts.cpp">
      <Filter>Core\Passes\Transforms</Filter>
    </ClCompile>
    <ClCompile Include="..\Core\Passes\Analysis\IdentifyStructures.cpp">
      <Filter>Core\Passes\Analysis</Filter>
    </ClCompile>
    <ClCompile Include="..\Backends\Dummy\BottomToDummy.cpp">
      <Filter>Backends\Dummy</Filter>
    </ClCompile>
    <ClCompile Include="..\Core\Passes\Immutable\BackEndPointer.cpp">
      <Filter>Core\Passes\Immutable</Filter>
    </ClCompile>
    <ClCompile Include="LunarGManager.cpp">
      <Filter>Standalone</Filter>
    </ClCompile>
    <ClCompile Include="..\mesa\src\glsl\ast_expr.cpp">
      <Filter>Source Files</Filter>
    </ClCompile>
    <ClCompile Include="..\mesa\src\glsl\ast_to_hir.cpp">
      <Filter>Source Files</Filter>
    </ClCompile>
    <ClCompile Include="..\mesa\src\glsl\ast_type.cpp">
      <Filter>Source Files</Filter>
    </ClCompile>
    <ClCompile Include="..\mesa\src\glsl\builtin_function.cpp">
      <Filter>Source Files</Filter>
    </ClCompile>
    <ClCompile Include="..\mesa\src\glsl\glcpp\glcpp-lex.c">
      <Filter>Source Files</Filter>
    </ClCompile>
    <ClCompile Include="..\mesa\src\glsl\glcpp\glcpp-parse.c">
      <Filter>Source Files</Filter>
    </ClCompile>
    <ClCompile Include="..\mesa\src\glsl\glsl_lexer.cpp">
      <Filter>Source Files</Filter>
    </ClCompile>
    <ClCompile Include="..\mesa\src\glsl\glsl_parser.cpp">
      <Filter>Source Files</Filter>
    </ClCompile>
    <ClCompile Include="..\mesa\src\glsl\glsl_parser_extras.cpp">
      <Filter>Source Files</Filter>
    </ClCompile>
    <ClCompile Include="..\mesa\src\glsl\glsl_symbol_table.cpp">
      <Filter>Source Files</Filter>
    </ClCompile>
    <ClCompile Include="..\mesa\src\glsl\glsl_types.cpp">
      <Filter>Source Files</Filter>
    </ClCompile>
    <ClCompile Include="..\mesa\src\glsl\hir_field_selection.cpp">
      <Filter>Source Files</Filter>
    </ClCompile>
    <ClCompile Include="..\mesa\src\glsl\ir.cpp">
      <Filter>Source Files</Filter>
    </ClCompile>
    <ClCompile Include="..\mesa\src\glsl\ir_basic_block.cpp">
      <Filter>Source Files</Filter>
    </ClCompile>
    <ClCompile Include="..\mesa\src\glsl\ir_clone.cpp">
      <Filter>Source Files</Filter>
    </ClCompile>
    <ClCompile Include="..\mesa\src\glsl\ir_constant_expression.cpp">
      <Filter>Source Files</Filter>
    </ClCompile>
    <ClCompile Include="..\mesa\src\glsl\ir_expression_flattening.cpp">
      <Filter>Source Files</Filter>
    </ClCompile>
    <ClCompile Include="..\mesa\src\glsl\ir_function.cpp">
      <Filter>Source Files</Filter>
    </ClCompile>
    <ClCompile Include="..\mesa\src\glsl\ir_function_can_inline.cpp">
      <Filter>Source Files</Filter>
    </ClCompile>
    <ClCompile Include="..\mesa\src\glsl\ir_hierarchical_visitor.cpp">
      <Filter>Source Files</Filter>
    </ClCompile>
    <ClCompile Include="..\mesa\src\glsl\ir_hv_accept.cpp">
      <Filter>Source Files</Filter>
    </ClCompile>
    <ClCompile Include="..\mesa\src\glsl\ir_import_prototypes.cpp">
      <Filter>Source Files</Filter>
    </ClCompile>
    <ClCompile Include="..\mesa\src\glsl\ir_print_visitor.cpp">
      <Filter>Source Files</Filter>
    </ClCompile>
    <ClCompile Include="..\mesa\src\glsl\ir_reader.cpp">
      <Filter>Source Files</Filter>
    </ClCompile>
    <ClCompile Include="..\mesa\src\glsl\ir_rvalue_visitor.cpp">
      <Filter>Source Files</Filter>
    </ClCompile>
    <ClCompile Include="..\mesa\src\glsl\ir_set_program_inouts.cpp">
      <Filter>Source Files</Filter>
    </ClCompile>
    <ClCompile Include="..\mesa\src\glsl\ir_validate.cpp">
      <Filter>Source Files</Filter>
    </ClCompile>
    <ClCompile Include="..\mesa\src\glsl\ir_variable.cpp">
      <Filter>Source Files</Filter>
    </ClCompile>
    <ClCompile Include="..\mesa\src\glsl\ir_variable_refcount.cpp">
      <Filter>Source Files</Filter>
    </ClCompile>
    <ClCompile Include="..\mesa\src\glsl\link_functions.cpp">
      <Filter>Source Files</Filter>
    </ClCompile>
    <ClCompile Include="..\mesa\src\glsl\linker.cpp">
      <Filter>Source Files</Filter>
    </ClCompile>
    <ClCompile Include="..\mesa\src\glsl\loop_analysis.cpp">
      <Filter>Source Files</Filter>
    </ClCompile>
    <ClCompile Include="..\mesa\src\glsl\loop_controls.cpp">
      <Filter>Source Files</Filter>
    </ClCompile>
    <ClCompile Include="..\mesa\src\glsl\loop_unroll.cpp">
      <Filter>Source Files</Filter>
    </ClCompile>
    <ClCompile Include="..\mesa\src\glsl\lower_discard.cpp">
      <Filter>Source Files</Filter>
    </ClCompile>
    <ClCompile Include="..\mesa\src\glsl\lower_if_to_cond_assign.cpp">
      <Filter>Source Files</Filter>
    </ClCompile>
    <ClCompile Include="..\mesa\src\glsl\lower_instructions.cpp">
      <Filter>Source Files</Filter>
    </ClCompile>
    <ClCompile Include="..\mesa\src\glsl\lower_jumps.cpp">
      <Filter>Source Files</Filter>
    </ClCompile>
    <ClCompile Include="..\mesa\src\glsl\lower_mat_op_to_vec.cpp">
      <Filter>Source Files</Filter>
    </ClCompile>
    <ClCompile Include="..\mesa\src\glsl\lower_noise.cpp">
      <Filter>Source Files</Filter>
    </ClCompile>
    <ClCompile Include="..\mesa\src\glsl\lower_texture_projection.cpp">
      <Filter>Source Files</Filter>
    </ClCompile>
    <ClCompile Include="..\mesa\src\glsl\lower_variable_index_to_cond_assign.cpp">
      <Filter>Source Files</Filter>
    </ClCompile>
    <ClCompile Include="..\mesa\src\glsl\lower_vector.cpp">
      <Filter>Source Files</Filter>
    </ClCompile>
    <ClCompile Include="..\mesa\src\glsl\lower_vec_index_to_cond_assign.cpp">
      <Filter>Source Files</Filter>
    </ClCompile>
    <ClCompile Include="..\mesa\src\glsl\lower_vec_index_to_swizzle.cpp">
      <Filter>Source Files</Filter>
    </ClCompile>
    <ClCompile Include="..\mesa\src\glsl\main.cpp">
      <Filter>Source Files</Filter>
    </ClCompile>
    <ClCompile Include="..\mesa\src\glsl\opt_algebraic.cpp">
      <Filter>Source Files</Filter>
    </ClCompile>
    <ClCompile Include="..\mesa\src\glsl\opt_constant_folding.cpp">
      <Filter>Source Files</Filter>
    </ClCompile>
    <ClCompile Include="..\mesa\src\glsl\opt_constant_propagation.cpp">
      <Filter>Source Files</Filter>
    </ClCompile>
    <ClCompile Include="..\mesa\src\glsl\opt_constant_variable.cpp">
      <Filter>Source Files</Filter>
    </ClCompile>
    <ClCompile Include="..\mesa\src\glsl\opt_copy_propagation.cpp">
      <Filter>Source Files</Filter>
    </ClCompile>
    <ClCompile Include="..\mesa\src\glsl\opt_dead_code.cpp">
      <Filter>Source Files</Filter>
    </ClCompile>
    <ClCompile Include="..\mesa\src\glsl\opt_dead_code_local.cpp">
      <Filter>Source Files</Filter>
    </ClCompile>
    <ClCompile Include="..\mesa\src\glsl\opt_dead_functions.cpp">
      <Filter>Source Files</Filter>
    </ClCompile>
    <ClCompile Include="..\mesa\src\glsl\opt_discard_simplification.cpp">
      <Filter>Source Files</Filter>
    </ClCompile>
    <ClCompile Include="..\mesa\src\glsl\opt_function_inlining.cpp">
      <Filter>Source Files</Filter>
    </ClCompile>
    <ClCompile Include="..\mesa\src\glsl\opt_if_simplification.cpp">
      <Filter>Source Files</Filter>
    </ClCompile>
    <ClCompile Include="..\mesa\src\glsl\opt_noop_swizzle.cpp">
      <Filter>Source Files</Filter>
    </ClCompile>
    <ClCompile Include="..\mesa\src\glsl\opt_redundant_jumps.cpp">
      <Filter>Source Files</Filter>
    </ClCompile>
    <ClCompile Include="..\mesa\src\glsl\glcpp\pp.c">
      <Filter>Source Files</Filter>
    </ClCompile>
    <ClCompile Include="..\mesa\src\glsl\opt_structure_splitting.cpp">
      <Filter>Source Files</Filter>
    </ClCompile>
    <ClCompile Include="..\mesa\src\glsl\opt_swizzle_swizzle.cpp">
      <Filter>Source Files</Filter>
    </ClCompile>
    <ClCompile Include="..\mesa\src\glsl\opt_tree_grafting.cpp">
      <Filter>Source Files</Filter>
    </ClCompile>
    <ClCompile Include="..\mesa\src\glsl\ralloc.c">
      <Filter>Source Files</Filter>
    </ClCompile>
    <ClCompile Include="..\mesa\src\glsl\strtod.c">
      <Filter>Source Files</Filter>
    </ClCompile>
    <ClCompile Include="..\mesa\src\glsl\s_expression.cpp">
      <Filter>Source Files</Filter>
    </ClCompile>
    <ClCompile Include="..\mesa\src\mesa\program\ir_to_mesa.cpp">
      <Filter>Source Files</Filter>
    </ClCompile>
    <ClCompile Include="..\mesa\src\mesa\program\prog_print.c">
      <Filter>Source Files</Filter>
    </ClCompile>
    <ClCompile Include="..\mesa\src\mesa\program\sampler.cpp">
      <Filter>Source Files</Filter>
    </ClCompile>
    <ClCompile Include="..\mesa\src\glsl\ast_function.cpp">
      <Filter>Source Files</Filter>
    </ClCompile>
    <ClCompile Include="..\mesa\src\mesa\program\hash_table.c">
      <Filter>Source Files</Filter>
    </ClCompile>
    <ClCompile Include="..\mesa\src\mesa\program\symbol_table.c">
      <Filter>Source Files</Filter>
    </ClCompile>
    <ClCompile Include="OptionParse.cpp">
      <Filter>Standalone</Filter>
    </ClCompile>
    <ClCompile Include="..\Core\Passes\Transforms\IntrinsicCombine.cpp">
      <Filter>Core\Passes\Transforms</Filter>
    </ClCompile>
    <ClCompile Include="..\Core\Passes\Util\InstructionUtil.cpp">
      <Filter>Core\Passes\Util</Filter>
    </ClCompile>
  </ItemGroup>
  <ItemGroup>
    <CustomBuild Include="..\Core\RevisionPrefix">
      <Filter>Core</Filter>
    </CustomBuild>
  </ItemGroup>
  <ItemGroup>
    <None Include="..\LastKnownGood">
      <Filter>Standalone</Filter>
    </None>
  </ItemGroup>
</Project>